
Microsoft Visual Studio Solution File, Format Version 12.00
# Visual Studio Version 17
VisualStudioVersion = 17.1.32319.34
MinimumVisualStudioVersion = 10.0.40219.1
Project("{9A19103F-16F7-4668-BE54-9A1E7A4F7556}") = "PartyTymeParser", "PartyTymeParser.csproj", "{FBB61526-8EB9-4AEE-87CE-DE89CC47CF7C}"
EndProject
Global
	GlobalSection(SolutionConfigurationPlatforms) = preSolution
		Debug|Any CPU = Debug|Any CPU
		Release|Any CPU = Release|Any CPU
	EndGlobalSection
	GlobalSection(ProjectConfigurationPlatforms) = postSolution
		{FBB61526-8EB9-4AEE-87CE-DE89CC47CF7C}.Debug|Any CPU.ActiveCfg = Debug|Any CPU
		{FBB61526-8EB9-4AEE-87CE-DE89CC47CF7C}.Debug|Any CPU.Build.0 = Debug|Any CPU
		{FBB61526-8EB9-4AEE-87CE-DE89CC47CF7C}.Release|Any CPU.ActiveCfg = Release|Any CPU
		{FBB61526-8EB9-4AEE-87CE-DE89CC47CF7C}.Release|Any CPU.Build.0 = Release|Any CPU
	EndGlobalSection
	GlobalSection(SolutionProperties) = preSolution
		HideSolutionNode = FALSE
	EndGlobalSection
	GlobalSection(ExtensibilityGlobals) = postSolution
		SolutionGuid = {3A0003AD-2BC8-406D-9CDC-32F08268D0A9}
	EndGlobalSection
EndGlobal
